// !$*UTF8*$!
{
	archiveVersion = 1;
	classes = {
	};
	objectVersion = 46;
	objects = {

/* Begin PBXBuildFile section */
		14F9ED5F1DAFF53100399C31 /* AppDelegate.swift in Sources */ = {isa = PBXBuildFile; fileRef = 14F9ED5E1DAFF53100399C31 /* AppDelegate.swift */; };
		14F9ED611DAFF53100399C31 /* ViewController.swift in Sources */ = {isa = PBXBuildFile; fileRef = 14F9ED601DAFF53100399C31 /* ViewController.swift */; };
		14F9ED641DAFF53100399C31 /* Main.storyboard in Resources */ = {isa = PBXBuildFile; fileRef = 14F9ED621DAFF53100399C31 /* Main.storyboard */; };
		14F9ED671DAFF53100399C31 /* pokedex.xcdatamodeld in Sources */ = {isa = PBXBuildFile; fileRef = 14F9ED651DAFF53100399C31 /* pokedex.xcdatamodeld */; };
		14F9ED691DAFF53100399C31 /* Assets.xcassets in Resources */ = {isa = PBXBuildFile; fileRef = 14F9ED681DAFF53100399C31 /* Assets.xcassets */; };
		14F9ED6C1DAFF53100399C31 /* LaunchScreen.storyboard in Resources */ = {isa = PBXBuildFile; fileRef = 14F9ED6A1DAFF53100399C31 /* LaunchScreen.storyboard */; };
		14F9ED741DAFF8FF00399C31 /* pokemon.csv in Resources */ = {isa = PBXBuildFile; fileRef = 14F9ED731DAFF8FF00399C31 /* pokemon.csv */; };
		B32E3D3B415F204813ECDA05 /* Pods_pokedex.framework in Frameworks */ = {isa = PBXBuildFile; fileRef = A033C4A22217E6CEF9520737 /* Pods_pokedex.framework */; };
/* End PBXBuildFile section */

/* Begin PBXFileReference section */
		14F9ED5B1DAFF53100399C31 /* pokedex.app */ = {isa = PBXFileReference; explicitFileType = wrapper.application; includeInIndex = 0; path = pokedex.app; sourceTree = BUILT_PRODUCTS_DIR; };
		14F9ED5E1DAFF53100399C31 /* AppDelegate.swift */ = {isa = PBXFileReference; lastKnownFileType = sourcecode.swift; path = AppDelegate.swift; sourceTree = "<group>"; };
		14F9ED601DAFF53100399C31 /* ViewController.swift */ = {isa = PBXFileReference; lastKnownFileType = sourcecode.swift; path = ViewController.swift; sourceTree = "<group>"; };
		14F9ED631DAFF53100399C31 /* Base */ = {isa = PBXFileReference; lastKnownFileType = file.storyboard; name = Base; path = Base.lproj/Main.storyboard; sourceTree = "<group>"; };
		14F9ED661DAFF53100399C31 /* pokedex.xcdatamodel */ = {isa = PBXFileReference; lastKnownFileType = wrapper.xcdatamodel; path = pokedex.xcdatamodel; sourceTree = "<group>"; };
		14F9ED681DAFF53100399C31 /* Assets.xcassets */ = {isa = PBXFileReference; lastKnownFileType = folder.assetcatalog; path = Assets.xcassets; sourceTree = "<group>"; };
		14F9ED6B1DAFF53100399C31 /* Base */ = {isa = PBXFileReference; lastKnownFileType = file.storyboard; name = Base; path = Base.lproj/LaunchScreen.storyboard; sourceTree = "<group>"; };
		14F9ED6D1DAFF53100399C31 /* Info.plist */ = {isa = PBXFileReference; lastKnownFileType = text.plist.xml; path = Info.plist; sourceTree = "<group>"; };
		14F9ED731DAFF8FF00399C31 /* pokemon.csv */ = {isa = PBXFileReference; fileEncoding = 4; lastKnownFileType = text; path = pokemon.csv; sourceTree = "<group>"; };
		612E336168C827B18FB99BB7 /* Pods-pokedex.release.xcconfig */ = {isa = PBXFileReference; includeInIndex = 1; lastKnownFileType = text.xcconfig; name = "Pods-pokedex.release.xcconfig"; path = "Pods/Target Support Files/Pods-pokedex/Pods-pokedex.release.xcconfig"; sourceTree = "<group>"; };
		9985AF0E7F238C5598E819AF /* Pods-pokedex.debug.xcconfig */ = {isa = PBXFileReference; includeInIndex = 1; lastKnownFileType = text.xcconfig; name = "Pods-pokedex.debug.xcconfig"; path = "Pods/Target Support Files/Pods-pokedex/Pods-pokedex.debug.xcconfig"; sourceTree = "<group>"; };
		A033C4A22217E6CEF9520737 /* Pods_pokedex.framework */ = {isa = PBXFileReference; explicitFileType = wrapper.framework; includeInIndex = 0; path = Pods_pokedex.framework; sourceTree = BUILT_PRODUCTS_DIR; };
/* End PBXFileReference section */

/* Begin PBXFrameworksBuildPhase section */
		14F9ED581DAFF53100399C31 /* Frameworks */ = {
			isa = PBXFrameworksBuildPhase;
			buildActionMask = 2147483647;
			files = (
				B32E3D3B415F204813ECDA05 /* Pods_pokedex.framework in Frameworks */,
			);
			runOnlyForDeploymentPostprocessing = 0;
		};
/* End PBXFrameworksBuildPhase section */

/* Begin PBXGroup section */
		14F9ED521DAFF53100399C31 = {
			isa = PBXGroup;
			children = (
				14F9ED5D1DAFF53100399C31 /* pokedex */,
				14F9ED5C1DAFF53100399C31 /* Products */,
				44DD99B75C14DF66AE5E90BA /* Pods */,
				B4ADA14796BEB47F9B59DD10 /* Frameworks */,
			);
			sourceTree = "<group>";
		};
		14F9ED5C1DAFF53100399C31 /* Products */ = {
			isa = PBXGroup;
			children = (
				14F9ED5B1DAFF53100399C31 /* pokedex.app */,
			);
			name = Products;
			sourceTree = "<group>";
		};
		14F9ED5D1DAFF53100399C31 /* pokedex */ = {
			isa = PBXGroup;
			children = (
				14F9ED5E1DAFF53100399C31 /* AppDelegate.swift */,
				14F9ED601DAFF53100399C31 /* ViewController.swift */,
				14F9ED621DAFF53100399C31 /* Main.storyboard */,
				14F9ED681DAFF53100399C31 /* Assets.xcassets */,
				14F9ED731DAFF8FF00399C31 /* pokemon.csv */,
				14F9ED6A1DAFF53100399C31 /* LaunchScreen.storyboard */,
				14F9ED6D1DAFF53100399C31 /* Info.plist */,
				14F9ED651DAFF53100399C31 /* pokedex.xcdatamodeld */,
			);
			path = pokedex;
			sourceTree = "<group>";
		};
		44DD99B75C14DF66AE5E90BA /* Pods */ = {
			isa = PBXGroup;
			children = (
				9985AF0E7F238C5598E819AF /* Pods-pokedex.debug.xcconfig */,
				612E336168C827B18FB99BB7 /* Pods-pokedex.release.xcconfig */,
			);
			name = Pods;
			sourceTree = "<group>";
		};
		B4ADA14796BEB47F9B59DD10 /* Frameworks */ = {
			isa = PBXGroup;
			children = (
				A033C4A22217E6CEF9520737 /* Pods_pokedex.framework */,
			);
			name = Frameworks;
			sourceTree = "<group>";
		};
/* End PBXGroup section */

/* Begin PBXNativeTarget section */
		14F9ED5A1DAFF53100399C31 /* pokedex */ = {
			isa = PBXNativeTarget;
			buildConfigurationList = 14F9ED701DAFF53100399C31 /* Build configuration list for PBXNativeTarget "pokedex" */;
			buildPhases = (
				84D5B6DDEBD770EDF138B46A /* [CP] Check Pods Manifest.lock */,
				14F9ED571DAFF53100399C31 /* Sources */,
				14F9ED581DAFF53100399C31 /* Frameworks */,
				14F9ED591DAFF53100399C31 /* Resources */,
				BFF070DC7E5A04F47C0F003C /* [CP] Embed Pods Frameworks */,
				4969A907CEDC1277FFFE679A /* [CP] Copy Pods Resources */,
			);
			buildRules = (
			);
			dependencies = (
			);
			name = pokedex;
			productName = pokedex;
			productReference = 14F9ED5B1DAFF53100399C31 /* pokedex.app */;
			productType = "com.apple.product-type.application";
		};
/* End PBXNativeTarget section */

/* Begin PBXProject section */
		14F9ED531DAFF53100399C31 /* Project object */ = {
			isa = PBXProject;
			attributes = {
				LastSwiftUpdateCheck = 0800;
				LastUpgradeCheck = 0800;
				ORGANIZATIONNAME = DaGin;
				TargetAttributes = {
					14F9ED5A1DAFF53100399C31 = {
						CreatedOnToolsVersion = 8.0;
						DevelopmentTeam = EX9Z9PUK4G;
						ProvisioningStyle = Automatic;
					};
				};
			};
			buildConfigurationList = 14F9ED561DAFF53100399C31 /* Build configuration list for PBXProject "pokedex" */;
			compatibilityVersion = "Xcode 3.2";
			developmentRegion = English;
			hasScannedForEncodings = 0;
			knownRegions = (
				en,
				Base,
			);
			mainGroup = 14F9ED521DAFF53100399C31;
			productRefGroup = 14F9ED5C1DAFF53100399C31 /* Products */;
			projectDirPath = "";
			projectRoot = "";
			targets = (
				14F9ED5A1DAFF53100399C31 /* pokedex */,
			);
		};
/* End PBXProject section */

/* Begin PBXResourcesBuildPhase section */
		14F9ED591DAFF53100399C31 /* Resources */ = {
			isa = PBXResourcesBuildPhase;
			buildActionMask = 2147483647;
			files = (
				14F9ED6C1DAFF53100399C31 /* LaunchScreen.storyboard in Resources */,
				14F9ED691DAFF53100399C31 /* Assets.xcassets in Resources */,
				14F9ED741DAFF8FF00399C31 /* pokemon.csv in Resources */,
				14F9ED641DAFF53100399C31 /* Main.storyboard in Resources */,
			);
			runOnlyForDeploymentPostprocessing = 0;
		};
/* End PBXResourcesBuildPhase section */

/* Begin PBXShellScriptBuildPhase section */
		4969A907CEDC1277FFFE679A /* [CP] Copy Pods Resources */ = {
			isa = PBXShellScriptBuildPhase;
			buildActionMask = 2147483647;
			files = (
			);
			inputPaths = (
			);
			name = "[CP] Copy Pods Resources";
			outputPaths = (
			);
			runOnlyForDeploymentPostprocessing = 0;
			shellPath = /bin/sh;
			shellScript = "\"${SRCROOT}/Pods/Target Support Files/Pods-pokedex/Pods-pokedex-resources.sh\"\n";
			showEnvVarsInLog = 0;
		};
		84D5B6DDEBD770EDF138B46A /* [CP] Check Pods Manifest.lock */ = {
			isa = PBXShellScriptBuildPhase;
			buildActionMask = 2147483647;
			files = (
			);
			inputPaths = (
			);
			name = "[CP] Check Pods Manifest.lock";
			outputPaths = (
			);
			runOnlyForDeploymentPostprocessing = 0;
			shellPath = /bin/sh;
			shellScript = "diff \"${PODS_ROOT}/../Podfile.lock\" \"${PODS_ROOT}/Manifest.lock\" > /dev/null\nif [[ $? != 0 ]] ; then\n    cat << EOM\nerror: The sandbox is not in sync with the Podfile.lock. Run 'pod install' or update your CocoaPods installation.\nEOM\n    exit 1\nfi\n";
			showEnvVarsInLog = 0;
		};
		BFF070DC7E5A04F47C0F003C /* [CP] Embed Pods Frameworks */ = {
			isa = PBXShellScriptBuildPhase;
			buildActionMask = 2147483647;
			files = (
			);
			inputPaths = (
			);
			name = "[CP] Embed Pods Frameworks";
			outputPaths = (
			);
			runOnlyForDeploymentPostprocessing = 0;
			shellPath = /bin/sh;
			shellScript = "\"${SRCROOT}/Pods/Target Support Files/Pods-pokedex/Pods-pokedex-frameworks.sh\"\n";
			showEnvVarsInLog = 0;
		};
/* End PBXShellScriptBuildPhase section */

/* Begin PBXSourcesBuildPhase section */
		14F9ED571DAFF53100399C31 /* Sources */ = {
			isa = PBXSourcesBuildPhase;
			buildActionMask = 2147483647;
			files = (
				14F9ED671DAFF53100399C31 /* pokedex.xcdatamodeld in Sources */,
				14F9ED611DAFF53100399C31 /* ViewController.swift in Sources */,
				14F9ED5F1DAFF53100399C31 /* AppDelegate.swift in Sources */,
			);
			runOnlyForDeploymentPostprocessing = 0;
		};
/* End PBXSourcesBuildPhase section */

/* Begin PBXVariantGroup section */
		14F9ED621DAFF53100399C31 /* Main.storyboard */ = {
			isa = PBXVariantGroup;
			children = (
				14F9ED631DAFF53100399C31 /* Base */,
			);
			name = Main.storyboard;
			sourceTree = "<group>";
		};
		14F9ED6A1DAFF53100399C31 /* LaunchScreen.storyboard */ = {
			isa = PBXVariantGroup;
			children = (
				14F9ED6B1DAFF53100399C31 /* Base */,
			);
			name = LaunchScreen.storyboard;
			sourceTree = "<group>";
		};
/* End PBXVariantGroup section */

/* Begin XCBuildConfiguration section */
		14F9ED6E1DAFF53100399C31 /* Debug */ = {
			isa = XCBuildConfiguration;
			buildSettings = {
				ALWAYS_SEARCH_USER_PATHS = NO;
				CLANG_ANALYZER_NONNULL = YES;
				CLANG_CXX_LANGUAGE_STANDARD = "gnu++0x";
				CLANG_CXX_LIBRARY = "libc++";
				CLANG_ENABLE_MODULES = YES;
				CLANG_ENABLE_OBJC_ARC = YES;
				CLANG_WARN_BOOL_CONVERSION = YES;
				CLANG_WARN_CONSTANT_CONVERSION = YES;
				CLANG_WARN_DIRECT_OBJC_ISA_USAGE = YES_ERROR;
				CLANG_WARN_DOCUMENTATION_COMMENTS = YES;
				CLANG_WARN_EMPTY_BODY = YES;
				CLANG_WARN_ENUM_CONVERSION = YES;
				CLANG_WARN_INFINITE_RECURSION = YES;
				CLANG_WARN_INT_CONVERSION = YES;
				CLANG_WARN_OBJC_ROOT_CLASS = YES_ERROR;
				CLANG_WARN_SUSPICIOUS_MOVES = YES;
				CLANG_WARN_UNREACHABLE_CODE = YES;
				CLANG_WARN__DUPLICATE_METHOD_MATCH = YES;
				"CODE_SIGN_IDENTITY[sdk=iphoneos*]" = "iPhone Developer";
				COPY_PHASE_STRIP = NO;
				DEBUG_INFORMATION_FORMAT = dwarf;
				ENABLE_STRICT_OBJC_MSGSEND = YES;
				ENABLE_TESTABILITY = YES;
				GCC_C_LANGUAGE_STANDARD = gnu99;
				GCC_DYNAMIC_NO_PIC = NO;
				GCC_NO_COMMON_BLOCKS = YES;
				GCC_OPTIMIZATION_LEVEL = 0;
				GCC_PREPROCESSOR_DEFINITIONS = (
					"DEBUG=1",
					"$(inherited)",
				);
				GCC_WARN_64_TO_32_BIT_CONVERSION = YES;
				GCC_WARN_ABOUT_RETURN_TYPE = YES_ERROR;
				GCC_WARN_UNDECLARED_SELECTOR = YES;
				GCC_WARN_UNINITIALIZED_AUTOS = YES_AGGRESSIVE;
				GCC_WARN_UNUSED_FUNCTION = YES;
				GCC_WARN_UNUSED_VARIABLE = YES;
				IPHONEOS_DEPLOYMENT_TARGET = 10.0;
				MTL_ENABLE_DEBUG_INFO = YES;
				ONLY_ACTIVE_ARCH = YES;
				SDKROOT = iphoneos;
				SWIFT_ACTIVE_COMPILATION_CONDITIONS = DEBUG;
				SWIFT_OPTIMIZATION_LEVEL = "-Onone";
				TARGETED_DEVICE_FAMILY = "1,2";
			};
			name = Debug;
		};
		14F9ED6F1DAFF53100399C31 /* Release */ = {
			isa = XCBuildConfiguration;
			buildSettings = {
				ALWAYS_SEARCH_USER_PATHS = NO;
				CLANG_ANALYZER_NONNULL = YES;
				CLANG_CXX_LANGUAGE_STANDARD = "gnu++0x";
				CLANG_CXX_LIBRARY = "libc++";
				CLANG_ENABLE_MODULES = YES;
				CLANG_ENABLE_OBJC_ARC = YES;
				CLANG_WARN_BOOL_CONVERSION = YES;
				CLANG_WARN_CONSTANT_CONVERSION = YES;
				CLANG_WARN_DIRECT_OBJC_ISA_USAGE = YES_ERROR;
				CLANG_WARN_DOCUMENTATION_COMMENTS = YES;
				CLANG_WARN_EMPTY_BODY = YES;
				CLANG_WARN_ENUM_CONVERSION = YES;
				CLANG_WARN_INFINITE_RECURSION = YES;
				CLANG_WARN_INT_CONVERSION = YES;
				CLANG_WARN_OBJC_ROOT_CLASS = YES_ERROR;
				CLANG_WARN_SUSPICIOUS_MOVES = YES;
				CLANG_WARN_UNREACHABLE_CODE = YES;
				CLANG_WARN__DUPLICATE_METHOD_MATCH = YES;
				"CODE_SIGN_IDENTITY[sdk=iphoneos*]" = "iPhone Developer";
				COPY_PHASE_STRIP = NO;
				DEBUG_INFORMATION_FORMAT = "dwarf-with-dsym";
				ENABLE_NS_ASSERTIONS = NO;
				ENABLE_STRICT_OBJC_MSGSEND = YES;
				GCC_C_LANGUAGE_STANDARD = gnu99;
				GCC_NO_COMMON_BLOCKS = YES;
				GCC_WARN_64_TO_32_BIT_CONVERSION = YES;
				GCC_WARN_ABOUT_RETURN_TYPE = YES_ERROR;
				GCC_WARN_UNDECLARED_SELECTOR = YES;
				GCC_WARN_UNINITIALIZED_AUTOS = YES_AGGRESSIVE;
				GCC_WARN_UNUSED_FUNCTION = YES;
				GCC_WARN_UNUSED_VARIABLE = YES;
				IPHONEOS_DEPLOYMENT_TARGET = 10.0;
				MTL_ENABLE_DEBUG_INFO = NO;
				SDKROOT = iphoneos;
				SWIFT_OPTIMIZATION_LEVEL = "-Owholemodule";
				TARGETED_DEVICE_FAMILY = "1,2";
				VALIDATE_PRODUCT = YES;
			};
			name = Release;
		};
		14F9ED711DAFF53100399C31 /* Debug */ = {
			isa = XCBuildConfiguration;
			baseConfigurationReference = 9985AF0E7F238C5598E819AF /* Pods-pokedex.debug.xcconfig */;
			buildSettings = {
				ASSETCATALOG_COMPILER_APPICON_NAME = AppIcon;
				DEVELOPMENT_TEAM = EX9Z9PUK4G;
				INFOPLIST_FILE = pokedex/Info.plist;
				LD_RUNPATH_SEARCH_PATHS = "$(inherited) @executable_path/Frameworks";
				PRODUCT_BUNDLE_IDENTIFIER = dagindesign.pokedex;
				PRODUCT_NAME = "$(TARGET_NAME)";
				SWIFT_VERSION = 3.0;
			};
			name = Debug;
		};
		14F9ED721DAFF53100399C31 /* Release */ = {
			isa = XCBuildConfiguration;
			baseConfigurationReference = 612E336168C827B18FB99BB7 /* Pods-pokedex.release.xcconfig */;
			buildSettings = {
				ASSETCATALOG_COMPILER_APPICON_NAME = AppIcon;
				DEVELOPMENT_TEAM = EX9Z9PUK4G;
				INFOPLIST_FILE = pokedex/Info.plist;
				LD_RUNPATH_SEARCH_PATHS = "$(inherited) @executable_path/Frameworks";
				PRODUCT_BUNDLE_IDENTIFIER = dagindesign.pokedex;
				PRODUCT_NAME = "$(TARGET_NAME)";
				SWIFT_VERSION = 3.0;
			};
			name = Release;
		};
/* End XCBuildConfiguration section */

/* Begin XCConfigurationList section */
		14F9ED561DAFF53100399C31 /* Build configuration list for PBXProject "pokedex" */ = {
			isa = XCConfigurationList;
			buildConfigurations = (
				14F9ED6E1DAFF53100399C31 /* Debug */,
				14F9ED6F1DAFF53100399C31 /* Release */,
			);
			defaultConfigurationIsVisible = 0;
			defaultConfigurationName = Release;
		};
		14F9ED701DAFF53100399C31 /* Build configuration list for PBXNativeTarget "pokedex" */ = {
			isa = XCConfigurationList;
			buildConfigurations = (
				14F9ED711DAFF53100399C31 /* Debug */,
				14F9ED721DAFF53100399C31 /* Release */,
			);
			defaultConfigurationIsVisible = 0;
			defaultConfigurationName = Release;
		};
/* End XCConfigurationList section */

/* Begin XCVersionGroup section */
		14F9ED651DAFF53100399C31 /* pokedex.xcdatamodeld */ = {
			isa = XCVersionGroup;
			children = (
				14F9ED661DAFF53100399C31 /* pokedex.xcdatamodel */,
			);
			currentVersion = 14F9ED661DAFF53100399C31 /* pokedex.xcdatamodel */;
			path = pokedex.xcdatamodeld;
			sourceTree = "<group>";
			versionGroupType = wrapper.xcdatamodel;
		};
/* End XCVersionGroup section */
	};
	rootObject = 14F9ED531DAFF53100399C31 /* Project object */;
}
